
Microsoft Visual Studio Solution File, Format Version 12.00
# Visual Studio 15
VisualStudioVersion = 15.0.27130.2036
MinimumVisualStudioVersion = 10.0.40219.1
Project("{FAE04EC0-301F-11D3-BF4B-00C04F79EFBC}") = "ClassRegisterLibrary", "ClassRegisterLibrary\ClassRegisterLibrary.csproj", "{23FEF43E-2FAB-451C-B7E3-378C1D9374E6}"
EndProject
Project("{FAE04EC0-301F-11D3-BF4B-00C04F79EFBC}") = "ClassRegister", "ClassRegister\ClassRegister.csproj", "{5F029C9E-4220-48A2-817B-7717FEA0AB3E}"
	ProjectSection(ProjectDependencies) = postProject
		{23FEF43E-2FAB-451C-B7E3-378C1D9374E6} = {23FEF43E-2FAB-451C-B7E3-378C1D9374E6}
	EndProjectSection
EndProject
Project("{FAE04EC0-301F-11D3-BF4B-00C04F79EFBC}") = "ClassRegisterLibraryTests", "ClassRegisterLibraryTests\ClassRegisterLibraryTests.csproj", "{A5F31F21-2E1E-42FD-99C2-61A9724CEF6C}"
EndProject
Global
	GlobalSection(SolutionConfigurationPlatforms) = preSolution
		Debug|Any CPU = Debug|Any CPU
		Release|Any CPU = Release|Any CPU
	EndGlobalSection
	GlobalSection(ProjectConfigurationPlatforms) = postSolution
		{23FEF43E-2FAB-451C-B7E3-378C1D9374E6}.Debug|Any CPU.ActiveCfg = Debug|Any CPU
		{23FEF43E-2FAB-451C-B7E3-378C1D9374E6}.Debug|Any CPU.Build.0 = Debug|Any CPU
		{23FEF43E-2FAB-451C-B7E3-378C1D9374E6}.Release|Any CPU.ActiveCfg = Release|Any CPU
		{23FEF43E-2FAB-451C-B7E3-378C1D9374E6}.Release|Any CPU.Build.0 = Release|Any CPU
		{5F029C9E-4220-48A2-817B-7717FEA0AB3E}.Debug|Any CPU.ActiveCfg = Debug|Any CPU
		{5F029C9E-4220-48A2-817B-7717FEA0AB3E}.Debug|Any CPU.Build.0 = Debug|Any CPU
		{5F029C9E-4220-48A2-817B-7717FEA0AB3E}.Release|Any CPU.ActiveCfg = Release|Any CPU
		{5F029C9E-4220-48A2-817B-7717FEA0AB3E}.Release|Any CPU.Build.0 = Release|Any CPU
		{A5F31F21-2E1E-42FD-99C2-61A9724CEF6C}.Debug|Any CPU.ActiveCfg = Debug|Any CPU
		{A5F31F21-2E1E-42FD-99C2-61A9724CEF6C}.Debug|Any CPU.Build.0 = Debug|Any CPU
		{A5F31F21-2E1E-42FD-99C2-61A9724CEF6C}.Release|Any CPU.ActiveCfg = Release|Any CPU
		{A5F31F21-2E1E-42FD-99C2-61A9724CEF6C}.Release|Any CPU.Build.0 = Release|Any CPU
	EndGlobalSection
	GlobalSection(SolutionProperties) = preSolution
		HideSolutionNode = FALSE
	EndGlobalSection
	GlobalSection(ExtensibilityGlobals) = postSolution
		SolutionGuid = {97A12AFA-30AC-4027-B95E-0FA9BA4DCAD1}
	EndGlobalSection
EndGlobal
