
Microsoft Visual Studio Solution File, Format Version 12.00
# Visual Studio 15
VisualStudioVersion = 15.0.28307.271
MinimumVisualStudioVersion = 10.0.40219.1
Project("{FAE04EC0-301F-11D3-BF4B-00C04F79EFBC}") = "ClassRegister", "ClassRegister\ClassRegister.csproj", "{7D040E00-174E-40DE-9649-38564CBE51B0}"
EndProject
Global
	GlobalSection(SolutionConfigurationPlatforms) = preSolution
		Debug|Any CPU = Debug|Any CPU
		Release|Any CPU = Release|Any CPU
	EndGlobalSection
	GlobalSection(ProjectConfigurationPlatforms) = postSolution
		{7D040E00-174E-40DE-9649-38564CBE51B0}.Debug|Any CPU.ActiveCfg = Debug|Any CPU
		{7D040E00-174E-40DE-9649-38564CBE51B0}.Debug|Any CPU.Build.0 = Debug|Any CPU
		{7D040E00-174E-40DE-9649-38564CBE51B0}.Release|Any CPU.ActiveCfg = Release|Any CPU
		{7D040E00-174E-40DE-9649-38564CBE51B0}.Release|Any CPU.Build.0 = Release|Any CPU
	EndGlobalSection
	GlobalSection(SolutionProperties) = preSolution
		HideSolutionNode = FALSE
	EndGlobalSection
	GlobalSection(ExtensibilityGlobals) = postSolution
		SolutionGuid = {D756BC65-8BD3-4DCD-BB0F-EBFA224D360F}
	EndGlobalSection
EndGlobal
